
Microsoft Visual Studio Solution File, Format Version 12.00
# Visual Studio 15
VisualStudioVersion = 15.0.28307.1062
MinimumVisualStudioVersion = 10.0.40219.1
Project("{FAE04EC0-301F-11D3-BF4B-00C04F79EFBC}") = "Presentacion", "Presentacion.csproj", "{8D7ACB1A-377F-4D32-AB53-D6E4B2731151}"
EndProject
Project("{9A19103F-16F7-4668-BE54-9A1E7A4F7556}") = "Persistencia", "Persistencia\Persistencia.csproj", "{1D021232-9C2C-42D5-93DF-89EC979D8E16}"
EndProject
Project("{9A19103F-16F7-4668-BE54-9A1E7A4F7556}") = "Soporte", "Soporte\Soporte.csproj", "{BC7178DC-A2AF-45B9-9AE7-5338AC838440}"
EndProject
Project("{FAE04EC0-301F-11D3-BF4B-00C04F79EFBC}") = "Dominio", "Dominio\Dominio.csproj", "{A44EE138-0C72-4BB1-B74F-F38A568F4FCF}"
EndProject
Global
	GlobalSection(SolutionConfigurationPlatforms) = preSolution
		Debug|Any CPU = Debug|Any CPU
		Release|Any CPU = Release|Any CPU
	EndGlobalSection
	GlobalSection(ProjectConfigurationPlatforms) = postSolution
		{8D7ACB1A-377F-4D32-AB53-D6E4B2731151}.Debug|Any CPU.ActiveCfg = Debug|Any CPU
		{8D7ACB1A-377F-4D32-AB53-D6E4B2731151}.Debug|Any CPU.Build.0 = Debug|Any CPU
		{8D7ACB1A-377F-4D32-AB53-D6E4B2731151}.Release|Any CPU.ActiveCfg = Release|Any CPU
		{8D7ACB1A-377F-4D32-AB53-D6E4B2731151}.Release|Any CPU.Build.0 = Release|Any CPU
		{1D021232-9C2C-42D5-93DF-89EC979D8E16}.Debug|Any CPU.ActiveCfg = Debug|Any CPU
		{1D021232-9C2C-42D5-93DF-89EC979D8E16}.Debug|Any CPU.Build.0 = Debug|Any CPU
		{1D021232-9C2C-42D5-93DF-89EC979D8E16}.Release|Any CPU.ActiveCfg = Release|Any CPU
		{1D021232-9C2C-42D5-93DF-89EC979D8E16}.Release|Any CPU.Build.0 = Release|Any CPU
		{BC7178DC-A2AF-45B9-9AE7-5338AC838440}.Debug|Any CPU.ActiveCfg = Debug|Any CPU
		{BC7178DC-A2AF-45B9-9AE7-5338AC838440}.Debug|Any CPU.Build.0 = Debug|Any CPU
		{BC7178DC-A2AF-45B9-9AE7-5338AC838440}.Release|Any CPU.ActiveCfg = Release|Any CPU
		{BC7178DC-A2AF-45B9-9AE7-5338AC838440}.Release|Any CPU.Build.0 = Release|Any CPU
		{A44EE138-0C72-4BB1-B74F-F38A568F4FCF}.Debug|Any CPU.ActiveCfg = Debug|Any CPU
		{A44EE138-0C72-4BB1-B74F-F38A568F4FCF}.Debug|Any CPU.Build.0 = Debug|Any CPU
		{A44EE138-0C72-4BB1-B74F-F38A568F4FCF}.Release|Any CPU.ActiveCfg = Release|Any CPU
		{A44EE138-0C72-4BB1-B74F-F38A568F4FCF}.Release|Any CPU.Build.0 = Release|Any CPU
	EndGlobalSection
	GlobalSection(SolutionProperties) = preSolution
		HideSolutionNode = FALSE
	EndGlobalSection
	GlobalSection(ExtensibilityGlobals) = postSolution
		SolutionGuid = {2A5E7407-6557-476F-ABC8-D060D13E9E8A}
	EndGlobalSection
EndGlobal
